
Microsoft Visual Studio Solution File, Format Version 12.00
# Visual Studio 15
VisualStudioVersion = 15.0.26124.0
MinimumVisualStudioVersion = 15.0.26124.0
Project("{FAE04EC0-301F-11D3-BF4B-00C04F79EFBC}") = "Lantern.Api", "api\Lantern.Api\Lantern.Api.csproj", "{D2A71A41-0485-43EA-A150-CE508F8B4E2E}"
EndProject
Project("{FAE04EC0-301F-11D3-BF4B-00C04F79EFBC}") = "Lantern.Core", "api\Lantern.Core\Lantern.Core.csproj", "{E9C70F63-EACD-4AA4-9491-A2F381F4B5BD}"
EndProject
Project("{FAE04EC0-301F-11D3-BF4B-00C04F79EFBC}") = "Lantern.Domain", "api\Lantern.Domain\Lantern.Domain.csproj", "{630C8777-0EFD-48F1-AD49-194EE19C6EAC}"
EndProject
Project("{2150E333-8FDC-42A3-9474-1A3956D46DE8}") = "Tests", "Tests", "{E9AE2696-85FD-40D7-8F65-7FF1B803BD68}"
EndProject
Project("{FAE04EC0-301F-11D3-BF4B-00C04F79EFBC}") = "Lantern.Api.Tests", "tests\Lantern.Api.Tests\Lantern.Api.Tests.csproj", "{E16FAC7A-5370-4471-9C1B-0094B9BF8663}"
EndProject
Project("{2150E333-8FDC-42A3-9474-1A3956D46DE8}") = "Api", "Api", "{8EBC0143-D613-46C7-A290-5B3A2002406B}"
EndProject
Project("{2150E333-8FDC-42A3-9474-1A3956D46DE8}") = "File", "File", "{980AB998-87D7-405D-8AA5-3CD23BA5BC63}"
EndProject
Project("{FAE04EC0-301F-11D3-BF4B-00C04F79EFBC}") = "Lantern.File", "file\Lantern.File\Lantern.File.csproj", "{7039D643-9D48-448B-B337-FC826182130C}"
EndProject
Project("{FAE04EC0-301F-11D3-BF4B-00C04F79EFBC}") = "Lantern.File.Tests", "tests\Lantern.File.Tests\Lantern.File.Tests.csproj", "{A45E08E5-B373-445A-A3D7-3A8C7F58DCAD}"
EndProject
Global
	GlobalSection(SolutionConfigurationPlatforms) = preSolution
		Debug|Any CPU = Debug|Any CPU
		Debug|x64 = Debug|x64
		Debug|x86 = Debug|x86
		Release|Any CPU = Release|Any CPU
		Release|x64 = Release|x64
		Release|x86 = Release|x86
	EndGlobalSection
	GlobalSection(SolutionProperties) = preSolution
		HideSolutionNode = FALSE
	EndGlobalSection
	GlobalSection(ProjectConfigurationPlatforms) = postSolution
		{D2A71A41-0485-43EA-A150-CE508F8B4E2E}.Debug|Any CPU.ActiveCfg = Debug|Any CPU
		{D2A71A41-0485-43EA-A150-CE508F8B4E2E}.Debug|Any CPU.Build.0 = Debug|Any CPU
		{D2A71A41-0485-43EA-A150-CE508F8B4E2E}.Debug|x64.ActiveCfg = Debug|Any CPU
		{D2A71A41-0485-43EA-A150-CE508F8B4E2E}.Debug|x64.Build.0 = Debug|Any CPU
		{D2A71A41-0485-43EA-A150-CE508F8B4E2E}.Debug|x86.ActiveCfg = Debug|Any CPU
		{D2A71A41-0485-43EA-A150-CE508F8B4E2E}.Debug|x86.Build.0 = Debug|Any CPU
		{D2A71A41-0485-43EA-A150-CE508F8B4E2E}.Release|Any CPU.ActiveCfg = Release|Any CPU
		{D2A71A41-0485-43EA-A150-CE508F8B4E2E}.Release|Any CPU.Build.0 = Release|Any CPU
		{D2A71A41-0485-43EA-A150-CE508F8B4E2E}.Release|x64.ActiveCfg = Release|Any CPU
		{D2A71A41-0485-43EA-A150-CE508F8B4E2E}.Release|x64.Build.0 = Release|Any CPU
		{D2A71A41-0485-43EA-A150-CE508F8B4E2E}.Release|x86.ActiveCfg = Release|Any CPU
		{D2A71A41-0485-43EA-A150-CE508F8B4E2E}.Release|x86.Build.0 = Release|Any CPU
		{E9C70F63-EACD-4AA4-9491-A2F381F4B5BD}.Debug|Any CPU.ActiveCfg = Debug|Any CPU
		{E9C70F63-EACD-4AA4-9491-A2F381F4B5BD}.Debug|Any CPU.Build.0 = Debug|Any CPU
		{E9C70F63-EACD-4AA4-9491-A2F381F4B5BD}.Debug|x64.ActiveCfg = Debug|Any CPU
		{E9C70F63-EACD-4AA4-9491-A2F381F4B5BD}.Debug|x64.Build.0 = Debug|Any CPU
		{E9C70F63-EACD-4AA4-9491-A2F381F4B5BD}.Debug|x86.ActiveCfg = Debug|Any CPU
		{E9C70F63-EACD-4AA4-9491-A2F381F4B5BD}.Debug|x86.Build.0 = Debug|Any CPU
		{E9C70F63-EACD-4AA4-9491-A2F381F4B5BD}.Release|Any CPU.ActiveCfg = Release|Any CPU
		{E9C70F63-EACD-4AA4-9491-A2F381F4B5BD}.Release|Any CPU.Build.0 = Release|Any CPU
		{E9C70F63-EACD-4AA4-9491-A2F381F4B5BD}.Release|x64.ActiveCfg = Release|Any CPU
		{E9C70F63-EACD-4AA4-9491-A2F381F4B5BD}.Release|x64.Build.0 = Release|Any CPU
		{E9C70F63-EACD-4AA4-9491-A2F381F4B5BD}.Release|x86.ActiveCfg = Release|Any CPU
		{E9C70F63-EACD-4AA4-9491-A2F381F4B5BD}.Release|x86.Build.0 = Release|Any CPU
		{630C8777-0EFD-48F1-AD49-194EE19C6EAC}.Debug|Any CPU.ActiveCfg = Debug|Any CPU
		{630C8777-0EFD-48F1-AD49-194EE19C6EAC}.Debug|Any CPU.Build.0 = Debug|Any CPU
		{630C8777-0EFD-48F1-AD49-194EE19C6EAC}.Debug|x64.ActiveCfg = Debug|Any CPU
		{630C8777-0EFD-48F1-AD49-194EE19C6EAC}.Debug|x64.Build.0 = Debug|Any CPU
		{630C8777-0EFD-48F1-AD49-194EE19C6EAC}.Debug|x86.ActiveCfg = Debug|Any CPU
		{630C8777-0EFD-48F1-AD49-194EE19C6EAC}.Debug|x86.Build.0 = Debug|Any CPU
		{630C8777-0EFD-48F1-AD49-194EE19C6EAC}.Release|Any CPU.ActiveCfg = Release|Any CPU
		{630C8777-0EFD-48F1-AD49-194EE19C6EAC}.Release|Any CPU.Build.0 = Release|Any CPU
		{630C8777-0EFD-48F1-AD49-194EE19C6EAC}.Release|x64.ActiveCfg = Release|Any CPU
		{630C8777-0EFD-48F1-AD49-194EE19C6EAC}.Release|x64.Build.0 = Release|Any CPU
		{630C8777-0EFD-48F1-AD49-194EE19C6EAC}.Release|x86.ActiveCfg = Release|Any CPU
		{630C8777-0EFD-48F1-AD49-194EE19C6EAC}.Release|x86.Build.0 = Release|Any CPU
		{E16FAC7A-5370-4471-9C1B-0094B9BF8663}.Debug|Any CPU.ActiveCfg = Debug|Any CPU
		{E16FAC7A-5370-4471-9C1B-0094B9BF8663}.Debug|Any CPU.Build.0 = Debug|Any CPU
		{E16FAC7A-5370-4471-9C1B-0094B9BF8663}.Debug|x64.ActiveCfg = Debug|Any CPU
		{E16FAC7A-5370-4471-9C1B-0094B9BF8663}.Debug|x64.Build.0 = Debug|Any CPU
		{E16FAC7A-5370-4471-9C1B-0094B9BF8663}.Debug|x86.ActiveCfg = Debug|Any CPU
		{E16FAC7A-5370-4471-9C1B-0094B9BF8663}.Debug|x86.Build.0 = Debug|Any CPU
		{E16FAC7A-5370-4471-9C1B-0094B9BF8663}.Release|Any CPU.ActiveCfg = Release|Any CPU
		{E16FAC7A-5370-4471-9C1B-0094B9BF8663}.Release|Any CPU.Build.0 = Release|Any CPU
		{E16FAC7A-5370-4471-9C1B-0094B9BF8663}.Release|x64.ActiveCfg = Release|Any CPU
		{E16FAC7A-5370-4471-9C1B-0094B9BF8663}.Release|x64.Build.0 = Release|Any CPU
		{E16FAC7A-5370-4471-9C1B-0094B9BF8663}.Release|x86.ActiveCfg = Release|Any CPU
		{E16FAC7A-5370-4471-9C1B-0094B9BF8663}.Release|x86.Build.0 = Release|Any CPU
		{7039D643-9D48-448B-B337-FC826182130C}.Debug|Any CPU.ActiveCfg = Debug|Any CPU
		{7039D643-9D48-448B-B337-FC826182130C}.Debug|Any CPU.Build.0 = Debug|Any CPU
		{7039D643-9D48-448B-B337-FC826182130C}.Debug|x64.ActiveCfg = Debug|Any CPU
		{7039D643-9D48-448B-B337-FC826182130C}.Debug|x64.Build.0 = Debug|Any CPU
		{7039D643-9D48-448B-B337-FC826182130C}.Debug|x86.ActiveCfg = Debug|Any CPU
		{7039D643-9D48-448B-B337-FC826182130C}.Debug|x86.Build.0 = Debug|Any CPU
		{7039D643-9D48-448B-B337-FC826182130C}.Release|Any CPU.ActiveCfg = Release|Any CPU
		{7039D643-9D48-448B-B337-FC826182130C}.Release|Any CPU.Build.0 = Release|Any CPU
		{7039D643-9D48-448B-B337-FC826182130C}.Release|x64.ActiveCfg = Release|Any CPU
		{7039D643-9D48-448B-B337-FC826182130C}.Release|x64.Build.0 = Release|Any CPU
		{7039D643-9D48-448B-B337-FC826182130C}.Release|x86.ActiveCfg = Release|Any CPU
		{7039D643-9D48-448B-B337-FC826182130C}.Release|x86.Build.0 = Release|Any CPU
		{A45E08E5-B373-445A-A3D7-3A8C7F58DCAD}.Debug|Any CPU.ActiveCfg = Debug|Any CPU
		{A45E08E5-B373-445A-A3D7-3A8C7F58DCAD}.Debug|Any CPU.Build.0 = Debug|Any CPU
		{A45E08E5-B373-445A-A3D7-3A8C7F58DCAD}.Debug|x64.ActiveCfg = Debug|Any CPU
		{A45E08E5-B373-445A-A3D7-3A8C7F58DCAD}.Debug|x64.Build.0 = Debug|Any CPU
		{A45E08E5-B373-445A-A3D7-3A8C7F58DCAD}.Debug|x86.ActiveCfg = Debug|Any CPU
		{A45E08E5-B373-445A-A3D7-3A8C7F58DCAD}.Debug|x86.Build.0 = Debug|Any CPU
		{A45E08E5-B373-445A-A3D7-3A8C7F58DCAD}.Release|Any CPU.ActiveCfg = Release|Any CPU
		{A45E08E5-B373-445A-A3D7-3A8C7F58DCAD}.Release|Any CPU.Build.0 = Release|Any CPU
		{A45E08E5-B373-445A-A3D7-3A8C7F58DCAD}.Release|x64.ActiveCfg = Release|Any CPU
		{A45E08E5-B373-445A-A3D7-3A8C7F58DCAD}.Release|x64.Build.0 = Release|Any CPU
		{A45E08E5-B373-445A-A3D7-3A8C7F58DCAD}.Release|x86.ActiveCfg = Release|Any CPU
		{A45E08E5-B373-445A-A3D7-3A8C7F58DCAD}.Release|x86.Build.0 = Release|Any CPU
	EndGlobalSection
	GlobalSection(NestedProjects) = preSolution
		{E16FAC7A-5370-4471-9C1B-0094B9BF8663} = {E9AE2696-85FD-40D7-8F65-7FF1B803BD68}
		{D2A71A41-0485-43EA-A150-CE508F8B4E2E} = {8EBC0143-D613-46C7-A290-5B3A2002406B}
		{E9C70F63-EACD-4AA4-9491-A2F381F4B5BD} = {8EBC0143-D613-46C7-A290-5B3A2002406B}
		{630C8777-0EFD-48F1-AD49-194EE19C6EAC} = {8EBC0143-D613-46C7-A290-5B3A2002406B}
		{7039D643-9D48-448B-B337-FC826182130C} = {980AB998-87D7-405D-8AA5-3CD23BA5BC63}
		{A45E08E5-B373-445A-A3D7-3A8C7F58DCAD} = {E9AE2696-85FD-40D7-8F65-7FF1B803BD68}
	EndGlobalSection
EndGlobal
